// !$*UTF8*$!
{
	archiveVersion = 1;
	classes = {
	};
	objectVersion = 46;
	objects = {

/* Begin PBXBuildFile section */
		6E4A840E1CBA296900584939 /* AppDelegate.swift in Sources */ = {isa = PBXBuildFile; fileRef = 6E4A840D1CBA296900584939 /* AppDelegate.swift */; };
		6E4A84101CBA296900584939 /* ViewController.swift in Sources */ = {isa = PBXBuildFile; fileRef = 6E4A840F1CBA296900584939 /* ViewController.swift */; };
		6E4A84131CBA296900584939 /* Main.storyboard in Resources */ = {isa = PBXBuildFile; fileRef = 6E4A84111CBA296900584939 /* Main.storyboard */; };
		6E4A84151CBA296900584939 /* Assets.xcassets in Resources */ = {isa = PBXBuildFile; fileRef = 6E4A84141CBA296900584939 /* Assets.xcassets */; };
		6E4A84181CBA296900584939 /* LaunchScreen.storyboard in Resources */ = {isa = PBXBuildFile; fileRef = 6E4A84161CBA296900584939 /* LaunchScreen.storyboard */; };
		6E4A84231CBA296900584939 /* The_Art_of_Cocoa_Dependency_ManagerTests.swift in Sources */ = {isa = PBXBuildFile; fileRef = 6E4A84221CBA296900584939 /* The_Art_of_Cocoa_Dependency_ManagerTests.swift */; };
		6E4A84581CBA391900584939 /* Weather.swift in Sources */ = {isa = PBXBuildFile; fileRef = 6E4A84571CBA391900584939 /* Weather.swift */; };
		6EAD15211CBA509300E94CE4 /* Alamofire.swift in Sources */ = {isa = PBXBuildFile; fileRef = 6EAD150E1CBA509300E94CE4 /* Alamofire.swift */; };
		6EAD15221CBA509300E94CE4 /* Download.swift in Sources */ = {isa = PBXBuildFile; fileRef = 6EAD150F1CBA509300E94CE4 /* Download.swift */; };
		6EAD15231CBA509300E94CE4 /* Error.swift in Sources */ = {isa = PBXBuildFile; fileRef = 6EAD15101CBA509300E94CE4 /* Error.swift */; };
		6EAD15241CBA509300E94CE4 /* Info-tvOS.plist in Resources */ = {isa = PBXBuildFile; fileRef = 6EAD15111CBA509300E94CE4 /* Info-tvOS.plist */; };
		6EAD15251CBA509300E94CE4 /* Info.plist in Resources */ = {isa = PBXBuildFile; fileRef = 6EAD15121CBA509300E94CE4 /* Info.plist */; };
		6EAD15261CBA509300E94CE4 /* Manager.swift in Sources */ = {isa = PBXBuildFile; fileRef = 6EAD15131CBA509300E94CE4 /* Manager.swift */; };
		6EAD15271CBA509300E94CE4 /* MultipartFormData.swift in Sources */ = {isa = PBXBuildFile; fileRef = 6EAD15141CBA509300E94CE4 /* MultipartFormData.swift */; };
		6EAD15281CBA509300E94CE4 /* NetworkReachabilityManager.swift in Sources */ = {isa = PBXBuildFile; fileRef = 6EAD15151CBA509300E94CE4 /* NetworkReachabilityManager.swift */; };
		6EAD15291CBA509300E94CE4 /* Notifications.swift in Sources */ = {isa = PBXBuildFile; fileRef = 6EAD15161CBA509300E94CE4 /* Notifications.swift */; };
		6EAD152A1CBA509300E94CE4 /* ParameterEncoding.swift in Sources */ = {isa = PBXBuildFile; fileRef = 6EAD15171CBA509300E94CE4 /* ParameterEncoding.swift */; };
		6EAD152B1CBA509300E94CE4 /* Request.swift in Sources */ = {isa = PBXBuildFile; fileRef = 6EAD15181CBA509300E94CE4 /* Request.swift */; };
		6EAD152C1CBA509300E94CE4 /* Response.swift in Sources */ = {isa = PBXBuildFile; fileRef = 6EAD15191CBA509300E94CE4 /* Response.swift */; };
		6EAD152D1CBA509300E94CE4 /* ResponseSerialization.swift in Sources */ = {isa = PBXBuildFile; fileRef = 6EAD151A1CBA509300E94CE4 /* ResponseSerialization.swift */; };
		6EAD152E1CBA509300E94CE4 /* Result.swift in Sources */ = {isa = PBXBuildFile; fileRef = 6EAD151B1CBA509300E94CE4 /* Result.swift */; };
		6EAD152F1CBA509300E94CE4 /* ServerTrustPolicy.swift in Sources */ = {isa = PBXBuildFile; fileRef = 6EAD151C1CBA509300E94CE4 /* ServerTrustPolicy.swift */; };
		6EAD15301CBA509300E94CE4 /* Stream.swift in Sources */ = {isa = PBXBuildFile; fileRef = 6EAD151D1CBA509300E94CE4 /* Stream.swift */; };
		6EAD15311CBA509300E94CE4 /* Timeline.swift in Sources */ = {isa = PBXBuildFile; fileRef = 6EAD151E1CBA509300E94CE4 /* Timeline.swift */; };
		6EAD15321CBA509300E94CE4 /* Upload.swift in Sources */ = {isa = PBXBuildFile; fileRef = 6EAD151F1CBA509300E94CE4 /* Upload.swift */; };
		6EAD15331CBA509300E94CE4 /* Validation.swift in Sources */ = {isa = PBXBuildFile; fileRef = 6EAD15201CBA509300E94CE4 /* Validation.swift */; };
/* End PBXBuildFile section */

/* Begin PBXContainerItemProxy section */
		6E4A841F1CBA296900584939 /* PBXContainerItemProxy */ = {
			isa = PBXContainerItemProxy;
			containerPortal = 6E4A84021CBA296900584939 /* Project object */;
			proxyType = 1;
			remoteGlobalIDString = 6E4A84091CBA296900584939;
			remoteInfo = "The Art of Cocoa Dependency Manager";
		};
/* End PBXContainerItemProxy section */

/* Begin PBXFileReference section */
		6E4A840A1CBA296900584939 /* The Art of Cocoa Dependency Manager.app */ = {isa = PBXFileReference; explicitFileType = wrapper.application; includeInIndex = 0; path = "The Art of Cocoa Dependency Manager.app"; sourceTree = BUILT_PRODUCTS_DIR; };
		6E4A840D1CBA296900584939 /* AppDelegate.swift */ = {isa = PBXFileReference; lastKnownFileType = sourcecode.swift; path = AppDelegate.swift; sourceTree = "<group>"; };
		6E4A840F1CBA296900584939 /* ViewController.swift */ = {isa = PBXFileReference; lastKnownFileType = sourcecode.swift; path = ViewController.swift; sourceTree = "<group>"; };
		6E4A84121CBA296900584939 /* Base */ = {isa = PBXFileReference; lastKnownFileType = file.storyboard; name = Base; path = Base.lproj/Main.storyboard; sourceTree = "<group>"; };
		6E4A84141CBA296900584939 /* Assets.xcassets */ = {isa = PBXFileReference; lastKnownFileType = folder.assetcatalog; path = Assets.xcassets; sourceTree = "<group>"; };
		6E4A84171CBA296900584939 /* Base */ = {isa = PBXFileReference; lastKnownFileType = file.storyboard; name = Base; path = Base.lproj/LaunchScreen.storyboard; sourceTree = "<group>"; };
		6E4A84191CBA296900584939 /* Info.plist */ = {isa = PBXFileReference; lastKnownFileType = text.plist.xml; path = Info.plist; sourceTree = "<group>"; };
		6E4A841E1CBA296900584939 /* The Art of Cocoa Dependency ManagerTests.xctest */ = {isa = PBXFileReference; explicitFileType = wrapper.cfbundle; includeInIndex = 0; path = "The Art of Cocoa Dependency ManagerTests.xctest"; sourceTree = BUILT_PRODUCTS_DIR; };
		6E4A84221CBA296900584939 /* The_Art_of_Cocoa_Dependency_ManagerTests.swift */ = {isa = PBXFileReference; lastKnownFileType = sourcecode.swift; path = The_Art_of_Cocoa_Dependency_ManagerTests.swift; sourceTree = "<group>"; };
		6E4A84241CBA296900584939 /* Info.plist */ = {isa = PBXFileReference; lastKnownFileType = text.plist.xml; path = Info.plist; sourceTree = "<group>"; };
		6E4A84571CBA391900584939 /* Weather.swift */ = {isa = PBXFileReference; fileEncoding = 4; lastKnownFileType = sourcecode.swift; path = Weather.swift; sourceTree = "<group>"; };
		6EAD150D1CBA509300E94CE4 /* Alamofire.h */ = {isa = PBXFileReference; fileEncoding = 4; lastKnownFileType = sourcecode.c.h; path = Alamofire.h; sourceTree = "<group>"; };
		6EAD150E1CBA509300E94CE4 /* Alamofire.swift */ = {isa = PBXFileReference; fileEncoding = 4; lastKnownFileType = sourcecode.swift; path = Alamofire.swift; sourceTree = "<group>"; };
		6EAD150F1CBA509300E94CE4 /* Download.swift */ = {isa = PBXFileReference; fileEncoding = 4; lastKnownFileType = sourcecode.swift; path = Download.swift; sourceTree = "<group>"; };
		6EAD15101CBA509300E94CE4 /* Error.swift */ = {isa = PBXFileReference; fileEncoding = 4; lastKnownFileType = sourcecode.swift; path = Error.swift; sourceTree = "<group>"; };
		6EAD15111CBA509300E94CE4 /* Info-tvOS.plist */ = {isa = PBXFileReference; fileEncoding = 4; lastKnownFileType = text.plist.xml; path = "Info-tvOS.plist"; sourceTree = "<group>"; };
		6EAD15121CBA509300E94CE4 /* Info.plist */ = {isa = PBXFileReference; fileEncoding = 4; lastKnownFileType = text.plist.xml; path = Info.plist; sourceTree = "<group>"; };
		6EAD15131CBA509300E94CE4 /* Manager.swift */ = {isa = PBXFileReference; fileEncoding = 4; lastKnownFileType = sourcecode.swift; path = Manager.swift; sourceTree = "<group>"; };
		6EAD15141CBA509300E94CE4 /* MultipartFormData.swift */ = {isa = PBXFileReference; fileEncoding = 4; lastKnownFileType = sourcecode.swift; path = MultipartFormData.swift; sourceTree = "<group>"; };
		6EAD15151CBA509300E94CE4 /* NetworkReachabilityManager.swift */ = {isa = PBXFileReference; fileEncoding = 4; lastKnownFileType = sourcecode.swift; path = NetworkReachabilityManager.swift; sourceTree = "<group>"; };
		6EAD15161CBA509300E94CE4 /* Notifications.swift */ = {isa = PBXFileReference; fileEncoding = 4; lastKnownFileType = sourcecode.swift; path = Notifications.swift; sourceTree = "<group>"; };
		6EAD15171CBA509300E94CE4 /* ParameterEncoding.swift */ = {isa = PBXFileReference; fileEncoding = 4; lastKnownFileType = sourcecode.swift; path = ParameterEncoding.swift; sourceTree = "<group>"; };
		6EAD15181CBA509300E94CE4 /* Request.swift */ = {isa = PBXFileReference; fileEncoding = 4; lastKnownFileType = sourcecode.swift; path = Request.swift; sourceTree = "<group>"; };
		6EAD15191CBA509300E94CE4 /* Response.swift */ = {isa = PBXFileReference; fileEncoding = 4; lastKnownFileType = sourcecode.swift; path = Response.swift; sourceTree = "<group>"; };
		6EAD151A1CBA509300E94CE4 /* ResponseSerialization.swift */ = {isa = PBXFileReference; fileEncoding = 4; lastKnownFileType = sourcecode.swift; path = ResponseSerialization.swift; sourceTree = "<group>"; };
		6EAD151B1CBA509300E94CE4 /* Result.swift */ = {isa = PBXFileReference; fileEncoding = 4; lastKnownFileType = sourcecode.swift; path = Result.swift; sourceTree = "<group>"; };
		6EAD151C1CBA509300E94CE4 /* ServerTrustPolicy.swift */ = {isa = PBXFileReference; fileEncoding = 4; lastKnownFileType = sourcecode.swift; path = ServerTrustPolicy.swift; sourceTree = "<group>"; };
		6EAD151D1CBA509300E94CE4 /* Stream.swift */ = {isa = PBXFileReference; fileEncoding = 4; lastKnownFileType = sourcecode.swift; path = Stream.swift; sourceTree = "<group>"; };
		6EAD151E1CBA509300E94CE4 /* Timeline.swift */ = {isa = PBXFileReference; fileEncoding = 4; lastKnownFileType = sourcecode.swift; path = Timeline.swift; sourceTree = "<group>"; };
		6EAD151F1CBA509300E94CE4 /* Upload.swift */ = {isa = PBXFileReference; fileEncoding = 4; lastKnownFileType = sourcecode.swift; path = Upload.swift; sourceTree = "<group>"; };
		6EAD15201CBA509300E94CE4 /* Validation.swift */ = {isa = PBXFileReference; fileEncoding = 4; lastKnownFileType = sourcecode.swift; path = Validation.swift; sourceTree = "<group>"; };
/* End PBXFileReference section */

/* Begin PBXFrameworksBuildPhase section */
		6E4A84071CBA296900584939 /* Frameworks */ = {
			isa = PBXFrameworksBuildPhase;
			buildActionMask = 2147483647;
			files = (
			);
			runOnlyForDeploymentPostprocessing = 0;
		};
		6E4A841B1CBA296900584939 /* Frameworks */ = {
			isa = PBXFrameworksBuildPhase;
			buildActionMask = 2147483647;
			files = (
			);
			runOnlyForDeploymentPostprocessing = 0;
		};
/* End PBXFrameworksBuildPhase section */

/* Begin PBXGroup section */
		6E4A84011CBA296900584939 = {
			isa = PBXGroup;
			children = (
				6E4A840C1CBA296900584939 /* The Art of Cocoa Dependency Manager */,
				6E4A84211CBA296900584939 /* The Art of Cocoa Dependency ManagerTests */,
				6E4A840B1CBA296900584939 /* Products */,
			);
			sourceTree = "<group>";
		};
		6E4A840B1CBA296900584939 /* Products */ = {
			isa = PBXGroup;
			children = (
				6E4A840A1CBA296900584939 /* The Art of Cocoa Dependency Manager.app */,
				6E4A841E1CBA296900584939 /* The Art of Cocoa Dependency ManagerTests.xctest */,
			);
			name = Products;
			sourceTree = "<group>";
		};
		6E4A840C1CBA296900584939 /* The Art of Cocoa Dependency Manager */ = {
			isa = PBXGroup;
			children = (
				6E4A842D1CBA320C00584939 /* Libs */,
				6E4A84561CBA38F300584939 /* Models */,
				6E4A84591CBA3A0B00584939 /* Controllers */,
				6E4A840D1CBA296900584939 /* AppDelegate.swift */,
				6E4A84111CBA296900584939 /* Main.storyboard */,
				6E4A84141CBA296900584939 /* Assets.xcassets */,
				6E4A84161CBA296900584939 /* LaunchScreen.storyboard */,
				6E4A84191CBA296900584939 /* Info.plist */,
			);
			path = "The Art of Cocoa Dependency Manager";
			sourceTree = "<group>";
		};
		6E4A84211CBA296900584939 /* The Art of Cocoa Dependency ManagerTests */ = {
			isa = PBXGroup;
			children = (
				6E4A84221CBA296900584939 /* The_Art_of_Cocoa_Dependency_ManagerTests.swift */,
				6E4A84241CBA296900584939 /* Info.plist */,
			);
			path = "The Art of Cocoa Dependency ManagerTests";
			sourceTree = "<group>";
		};
		6E4A842D1CBA320C00584939 /* Libs */ = {
			isa = PBXGroup;
			children = (
				6EAD150C1CBA509300E94CE4 /* Alamofire */,
			);
			path = Libs;
			sourceTree = "<group>";
		};
		6E4A84561CBA38F300584939 /* Models */ = {
			isa = PBXGroup;
			children = (
				6E4A84571CBA391900584939 /* Weather.swift */,
			);
			path = Models;
			sourceTree = "<group>";
		};
		6E4A84591CBA3A0B00584939 /* Controllers */ = {
			isa = PBXGroup;
			children = (
				6E4A840F1CBA296900584939 /* ViewController.swift */,
			);
			name = Controllers;
			sourceTree = "<group>";
		};
		6EAD150C1CBA509300E94CE4 /* Alamofire */ = {
			isa = PBXGroup;
			children = (
				6EAD150D1CBA509300E94CE4 /* Alamofire.h */,
				6EAD150E1CBA509300E94CE4 /* Alamofire.swift */,
				6EAD150F1CBA509300E94CE4 /* Download.swift */,
				6EAD15101CBA509300E94CE4 /* Error.swift */,
				6EAD15111CBA509300E94CE4 /* Info-tvOS.plist */,
				6EAD15121CBA509300E94CE4 /* Info.plist */,
				6EAD15131CBA509300E94CE4 /* Manager.swift */,
				6EAD15141CBA509300E94CE4 /* MultipartFormData.swift */,
				6EAD15151CBA509300E94CE4 /* NetworkReachabilityManager.swift */,
				6EAD15161CBA509300E94CE4 /* Notifications.swift */,
				6EAD15171CBA509300E94CE4 /* ParameterEncoding.swift */,
				6EAD15181CBA509300E94CE4 /* Request.swift */,
				6EAD15191CBA509300E94CE4 /* Response.swift */,
				6EAD151A1CBA509300E94CE4 /* ResponseSerialization.swift */,
				6EAD151B1CBA509300E94CE4 /* Result.swift */,
				6EAD151C1CBA509300E94CE4 /* ServerTrustPolicy.swift */,
				6EAD151D1CBA509300E94CE4 /* Stream.swift */,
				6EAD151E1CBA509300E94CE4 /* Timeline.swift */,
				6EAD151F1CBA509300E94CE4 /* Upload.swift */,
				6EAD15201CBA509300E94CE4 /* Validation.swift */,
			);
			name = Alamofire;
			path = Libs/Alamofire/Source;
			sourceTree = SOURCE_ROOT;
		};
/* End PBXGroup section */

/* Begin PBXNativeTarget section */
		6E4A84091CBA296900584939 /* The Art of Cocoa Dependency Manager */ = {
			isa = PBXNativeTarget;
			buildConfigurationList = 6E4A84271CBA296900584939 /* Build configuration list for PBXNativeTarget "The Art of Cocoa Dependency Manager" */;
			buildPhases = (
				6E4A84061CBA296900584939 /* Sources */,
				6E4A84071CBA296900584939 /* Frameworks */,
				6E4A84081CBA296900584939 /* Resources */,
			);
			buildRules = (
			);
			dependencies = (
			);
			name = "The Art of Cocoa Dependency Manager";
			productName = "The Art of Cocoa Dependency Manager";
			productReference = 6E4A840A1CBA296900584939 /* The Art of Cocoa Dependency Manager.app */;
			productType = "com.apple.product-type.application";
		};
		6E4A841D1CBA296900584939 /* The Art of Cocoa Dependency ManagerTests */ = {
			isa = PBXNativeTarget;
			buildConfigurationList = 6E4A842A1CBA296900584939 /* Build configuration list for PBXNativeTarget "The Art of Cocoa Dependency ManagerTests" */;
			buildPhases = (
				6E4A841A1CBA296900584939 /* Sources */,
				6E4A841B1CBA296900584939 /* Frameworks */,
				6E4A841C1CBA296900584939 /* Resources */,
			);
			buildRules = (
			);
			dependencies = (
				6E4A84201CBA296900584939 /* PBXTargetDependency */,
			);
			name = "The Art of Cocoa Dependency ManagerTests";
			productName = "The Art of Cocoa Dependency ManagerTests";
			productReference = 6E4A841E1CBA296900584939 /* The Art of Cocoa Dependency ManagerTests.xctest */;
			productType = "com.apple.product-type.bundle.unit-test";
		};
/* End PBXNativeTarget section */

/* Begin PBXProject section */
		6E4A84021CBA296900584939 /* Project object */ = {
			isa = PBXProject;
			attributes = {
				LastSwiftUpdateCheck = 0730;
				LastUpgradeCheck = 0730;
				ORGANIZATIONNAME = RidgeCorn;
				TargetAttributes = {
					6E4A84091CBA296900584939 = {
						CreatedOnToolsVersion = 7.3;
					};
					6E4A841D1CBA296900584939 = {
						CreatedOnToolsVersion = 7.3;
						TestTargetID = 6E4A84091CBA296900584939;
					};
				};
			};
			buildConfigurationList = 6E4A84051CBA296900584939 /* Build configuration list for PBXProject "The Art of Cocoa Dependency Manager" */;
			compatibilityVersion = "Xcode 3.2";
			developmentRegion = English;
			hasScannedForEncodings = 0;
			knownRegions = (
				en,
				Base,
			);
			mainGroup = 6E4A84011CBA296900584939;
			productRefGroup = 6E4A840B1CBA296900584939 /* Products */;
			projectDirPath = "";
			projectRoot = "";
			targets = (
				6E4A84091CBA296900584939 /* The Art of Cocoa Dependency Manager */,
				6E4A841D1CBA296900584939 /* The Art of Cocoa Dependency ManagerTests */,
			);
		};
/* End PBXProject section */

/* Begin PBXResourcesBuildPhase section */
		6E4A84081CBA296900584939 /* Resources */ = {
			isa = PBXResourcesBuildPhase;
			buildActionMask = 2147483647;
			files = (
				6E4A84181CBA296900584939 /* LaunchScreen.storyboard in Resources */,
				6E4A84151CBA296900584939 /* Assets.xcassets in Resources */,
				6EAD15241CBA509300E94CE4 /* Info-tvOS.plist in Resources */,
				6EAD15251CBA509300E94CE4 /* Info.plist in Resources */,
				6E4A84131CBA296900584939 /* Main.storyboard in Resources */,
			);
			runOnlyForDeploymentPostprocessing = 0;
		};
		6E4A841C1CBA296900584939 /* Resources */ = {
			isa = PBXResourcesBuildPhase;
			buildActionMask = 2147483647;
			files = (
			);
			runOnlyForDeploymentPostprocessing = 0;
		};
/* End PBXResourcesBuildPhase section */

/* Begin PBXSourcesBuildPhase section */
		6E4A84061CBA296900584939 /* Sources */ = {
			isa = PBXSourcesBuildPhase;
			buildActionMask = 2147483647;
			files = (
				6EAD15311CBA509300E94CE4 /* Timeline.swift in Sources */,
				6EAD15291CBA509300E94CE4 /* Notifications.swift in Sources */,
				6EAD152B1CBA509300E94CE4 /* Request.swift in Sources */,
				6E4A84581CBA391900584939 /* Weather.swift in Sources */,
				6EAD15281CBA509300E94CE4 /* NetworkReachabilityManager.swift in Sources */,
				6EAD15321CBA509300E94CE4 /* Upload.swift in Sources */,
				6EAD15301CBA509300E94CE4 /* Stream.swift in Sources */,
				6E4A84101CBA296900584939 /* ViewController.swift in Sources */,
				6EAD152D1CBA509300E94CE4 /* ResponseSerialization.swift in Sources */,
				6EAD152E1CBA509300E94CE4 /* Result.swift in Sources */,
				6EAD15271CBA509300E94CE4 /* MultipartFormData.swift in Sources */,
				6EAD152C1CBA509300E94CE4 /* Response.swift in Sources */,
				6EAD152A1CBA509300E94CE4 /* ParameterEncoding.swift in Sources */,
				6EAD15211CBA509300E94CE4 /* Alamofire.swift in Sources */,
				6EAD152F1CBA509300E94CE4 /* ServerTrustPolicy.swift in Sources */,
				6E4A840E1CBA296900584939 /* AppDelegate.swift in Sources */,
				6EAD15261CBA509300E94CE4 /* Manager.swift in Sources */,
				6EAD15231CBA509300E94CE4 /* Error.swift in Sources */,
				6EAD15331CBA509300E94CE4 /* Validation.swift in Sources */,
				6EAD15221CBA509300E94CE4 /* Download.swift in Sources */,
			);
			runOnlyForDeploymentPostprocessing = 0;
		};
		6E4A841A1CBA296900584939 /* Sources */ = {
			isa = PBXSourcesBuildPhase;
			buildActionMask = 2147483647;
			files = (
				6E4A84231CBA296900584939 /* The_Art_of_Cocoa_Dependency_ManagerTests.swift in Sources */,
			);
			runOnlyForDeploymentPostprocessing = 0;
		};
/* End PBXSourcesBuildPhase section */

/* Begin PBXTargetDependency section */
		6E4A84201CBA296900584939 /* PBXTargetDependency */ = {
			isa = PBXTargetDependency;
			target = 6E4A84091CBA296900584939 /* The Art of Cocoa Dependency Manager */;
			targetProxy = 6E4A841F1CBA296900584939 /* PBXContainerItemProxy */;
		};
/* End PBXTargetDependency section */

/* Begin PBXVariantGroup section */
		6E4A84111CBA296900584939 /* Main.storyboard */ = {
			isa = PBXVariantGroup;
			children = (
				6E4A84121CBA296900584939 /* Base */,
			);
			name = Main.storyboard;
			sourceTree = "<group>";
		};
		6E4A84161CBA296900584939 /* LaunchScreen.storyboard */ = {
			isa = PBXVariantGroup;
			children = (
				6E4A84171CBA296900584939 /* Base */,
			);
			name = LaunchScreen.storyboard;
			sourceTree = "<group>";
		};
/* End PBXVariantGroup section */

/* Begin XCBuildConfiguration section */
		6E4A84251CBA296900584939 /* Debug */ = {
			isa = XCBuildConfiguration;
			buildSettings = {
				ALWAYS_SEARCH_USER_PATHS = NO;
				CLANG_ANALYZER_NONNULL = YES;
				CLANG_CXX_LANGUAGE_STANDARD = "gnu++0x";
				CLANG_CXX_LIBRARY = "libc++";
				CLANG_ENABLE_MODULES = YES;
				CLANG_ENABLE_OBJC_ARC = YES;
				CLANG_WARN_BOOL_CONVERSION = YES;
				CLANG_WARN_CONSTANT_CONVERSION = YES;
				CLANG_WARN_DIRECT_OBJC_ISA_USAGE = YES_ERROR;
				CLANG_WARN_EMPTY_BODY = YES;
				CLANG_WARN_ENUM_CONVERSION = YES;
				CLANG_WARN_INT_CONVERSION = YES;
				CLANG_WARN_OBJC_ROOT_CLASS = YES_ERROR;
				CLANG_WARN_UNREACHABLE_CODE = YES;
				CLANG_WARN__DUPLICATE_METHOD_MATCH = YES;
				"CODE_SIGN_IDENTITY[sdk=iphoneos*]" = "iPhone Developer";
				COPY_PHASE_STRIP = NO;
				DEBUG_INFORMATION_FORMAT = dwarf;
				ENABLE_STRICT_OBJC_MSGSEND = YES;
				ENABLE_TESTABILITY = YES;
				GCC_C_LANGUAGE_STANDARD = gnu99;
				GCC_DYNAMIC_NO_PIC = NO;
				GCC_NO_COMMON_BLOCKS = YES;
				GCC_OPTIMIZATION_LEVEL = 0;
				GCC_PREPROCESSOR_DEFINITIONS = (
					"DEBUG=1",
					"$(inherited)",
				);
				GCC_WARN_64_TO_32_BIT_CONVERSION = YES;
				GCC_WARN_ABOUT_RETURN_TYPE = YES_ERROR;
				GCC_WARN_UNDECLARED_SELECTOR = YES;
				GCC_WARN_UNINITIALIZED_AUTOS = YES_AGGRESSIVE;
				GCC_WARN_UNUSED_FUNCTION = YES;
				GCC_WARN_UNUSED_VARIABLE = YES;
				IPHONEOS_DEPLOYMENT_TARGET = 9.3;
				MTL_ENABLE_DEBUG_INFO = YES;
				ONLY_ACTIVE_ARCH = YES;
				SDKROOT = iphoneos;
				SWIFT_OPTIMIZATION_LEVEL = "-Onone";
				TARGETED_DEVICE_FAMILY = "1,2";
			};
			name = Debug;
		};
		6E4A84261CBA296900584939 /* Release */ = {
			isa = XCBuildConfiguration;
			buildSettings = {
				ALWAYS_SEARCH_USER_PATHS = NO;
				CLANG_ANALYZER_NONNULL = YES;
				CLANG_CXX_LANGUAGE_STANDARD = "gnu++0x";
				CLANG_CXX_LIBRARY = "libc++";
				CLANG_ENABLE_MODULES = YES;
				CLANG_ENABLE_OBJC_ARC = YES;
				CLANG_WARN_BOOL_CONVERSION = YES;
				CLANG_WARN_CONSTANT_CONVERSION = YES;
				CLANG_WARN_DIRECT_OBJC_ISA_USAGE = YES_ERROR;
				CLANG_WARN_EMPTY_BODY = YES;
				CLANG_WARN_ENUM_CONVERSION = YES;
				CLANG_WARN_INT_CONVERSION = YES;
				CLANG_WARN_OBJC_ROOT_CLASS = YES_ERROR;
				CLANG_WARN_UNREACHABLE_CODE = YES;
				CLANG_WARN__DUPLICATE_METHOD_MATCH = YES;
				"CODE_SIGN_IDENTITY[sdk=iphoneos*]" = "iPhone Developer";
				COPY_PHASE_STRIP = NO;
				DEBUG_INFORMATION_FORMAT = "dwarf-with-dsym";
				ENABLE_NS_ASSERTIONS = NO;
				ENABLE_STRICT_OBJC_MSGSEND = YES;
				GCC_C_LANGUAGE_STANDARD = gnu99;
				GCC_NO_COMMON_BLOCKS = YES;
				GCC_WARN_64_TO_32_BIT_CONVERSION = YES;
				GCC_WARN_ABOUT_RETURN_TYPE = YES_ERROR;
				GCC_WARN_UNDECLARED_SELECTOR = YES;
				GCC_WARN_UNINITIALIZED_AUTOS = YES_AGGRESSIVE;
				GCC_WARN_UNUSED_FUNCTION = YES;
				GCC_WARN_UNUSED_VARIABLE = YES;
				IPHONEOS_DEPLOYMENT_TARGET = 9.3;
				MTL_ENABLE_DEBUG_INFO = NO;
				SDKROOT = iphoneos;
				TARGETED_DEVICE_FAMILY = "1,2";
				VALIDATE_PRODUCT = YES;
			};
			name = Release;
		};
		6E4A84281CBA296900584939 /* Debug */ = {
			isa = XCBuildConfiguration;
			buildSettings = {
				ASSETCATALOG_COMPILER_APPICON_NAME = AppIcon;
				CODE_SIGN_IDENTITY = "iPhone Developer";
				"CODE_SIGN_IDENTITY[sdk=iphoneos*]" = "iPhone Developer";
				INFOPLIST_FILE = "The Art of Cocoa Dependency Manager/Info.plist";
				LD_RUNPATH_SEARCH_PATHS = "$(inherited) @executable_path/Frameworks";
				PRODUCT_BUNDLE_IDENTIFIER = "com.ridgecorn.The-Art-of-Cocoa-Dependency-Manager";
				PRODUCT_NAME = "$(TARGET_NAME)";
				PROVISIONING_PROFILE = "";
			};
			name = Debug;
		};
		6E4A84291CBA296900584939 /* Release */ = {
			isa = XCBuildConfiguration;
			buildSettings = {
				ASSETCATALOG_COMPILER_APPICON_NAME = AppIcon;
				CODE_SIGN_IDENTITY = "iPhone Developer";
				"CODE_SIGN_IDENTITY[sdk=iphoneos*]" = "iPhone Developer";
				INFOPLIST_FILE = "The Art of Cocoa Dependency Manager/Info.plist";
				LD_RUNPATH_SEARCH_PATHS = "$(inherited) @executable_path/Frameworks";
				PRODUCT_BUNDLE_IDENTIFIER = "com.ridgecorn.The-Art-of-Cocoa-Dependency-Manager";
				PRODUCT_NAME = "$(TARGET_NAME)";
				PROVISIONING_PROFILE = "";
			};
			name = Release;
		};
		6E4A842B1CBA296900584939 /* Debug */ = {
			isa = XCBuildConfiguration;
			buildSettings = {
				BUNDLE_LOADER = "$(TEST_HOST)";
				INFOPLIST_FILE = "The Art of Cocoa Dependency ManagerTests/Info.plist";
				LD_RUNPATH_SEARCH_PATHS = "$(inherited) @executable_path/Frameworks @loader_path/Frameworks";
				PRODUCT_BUNDLE_IDENTIFIER = "com.ridgecorn.The-Art-of-Cocoa-Dependency-ManagerTests";
				PRODUCT_NAME = "$(TARGET_NAME)";
				TEST_HOST = "$(BUILT_PRODUCTS_DIR)/The Art of Cocoa Dependency Manager.app/The Art of Cocoa Dependency Manager";
			};
			name = Debug;
		};
		6E4A842C1CBA296900584939 /* Release */ = {
			isa = XCBuildConfiguration;
			buildSettings = {
				BUNDLE_LOADER = "$(TEST_HOST)";
				INFOPLIST_FILE = "The Art of Cocoa Dependency ManagerTests/Info.plist";
				LD_RUNPATH_SEARCH_PATHS = "$(inherited) @executable_path/Frameworks @loader_path/Frameworks";
				PRODUCT_BUNDLE_IDENTIFIER = "com.ridgecorn.The-Art-of-Cocoa-Dependency-ManagerTests";
				PRODUCT_NAME = "$(TARGET_NAME)";
				TEST_HOST = "$(BUILT_PRODUCTS_DIR)/The Art of Cocoa Dependency Manager.app/The Art of Cocoa Dependency Manager";
			};
			name = Release;
		};
/* End XCBuildConfiguration section */

/* Begin XCConfigurationList section */
		6E4A84051CBA296900584939 /* Build configuration list for PBXProject "The Art of Cocoa Dependency Manager" */ = {
			isa = XCConfigurationList;
			buildConfigurations = (
				6E4A84251CBA296900584939 /* Debug */,
				6E4A84261CBA296900584939 /* Release */,
			);
			defaultConfigurationIsVisible = 0;
			defaultConfigurationName = Release;
		};
		6E4A84271CBA296900584939 /* Build configuration list for PBXNativeTarget "The Art of Cocoa Dependency Manager" */ = {
			isa = XCConfigurationList;
			buildConfigurations = (
				6E4A84281CBA296900584939 /* Debug */,
				6E4A84291CBA296900584939 /* Release */,
			);
			defaultConfigurationIsVisible = 0;
			defaultConfigurationName = Release;
		};
		6E4A842A1CBA296900584939 /* Build configuration list for PBXNativeTarget "The Art of Cocoa Dependency ManagerTests" */ = {
			isa = XCConfigurationList;
			buildConfigurations = (
				6E4A842B1CBA296900584939 /* Debug */,
				6E4A842C1CBA296900584939 /* Release */,
			);
			defaultConfigurationIsVisible = 0;
			defaultConfigurationName = Release;
		};
/* End XCConfigurationList section */
	};
	rootObject = 6E4A84021CBA296900584939 /* Project object */;
}
